change_id: CHG-2026-001-macos-m0a
revision: 1
status: approved
approval_id: APR-CHANGE-CHG-2026-001-MACOS-M0A-R1
hash_algorithm: sha256
files:
  - path: openspec/changes/chg-2026-001-macos-m0a/proposal.md
    sha256: 52a4021055704d66c4d3ce064686c52081a3483cd656e187c8c369776b6d5f02
  - path: openspec/changes/chg-2026-001-macos-m0a/scope.yaml
    sha256: 34ff507a9b34cc8e0d93ad471fa2b94d6dd10d47f175307626657240e1c9e55b
  - path: openspec/changes/chg-2026-001-macos-m0a/spec-impact.md
    sha256: afc4308b063d0f5846056e5175fbcc36592c7686c9c7851783ceee381d01cf41
  - path: openspec/changes/chg-2026-001-macos-m0a/design.md
    sha256: 5217cfe0d19c372afce089d66ac77a301d1d7e67fa660f9268fadcf8226043de
  - path: openspec/changes/chg-2026-001-macos-m0a/verification.md
    sha256: 55938d083df1711e4891dfaa0815137c35a469848a01644888c864d3c62755eb
  - path: openspec/changes/chg-2026-001-macos-m0a/review.md
    sha256: 786f874a9cd8803cf795d01c9421608a2959aca61aeeeefec1a92021de8094cb
  - path: openspec/changes/chg-2026-001-macos-m0a/ready-review.md
    sha256: a6c07a00092a35bac1b3c00d476550359670722f7db4c9124f6104cec13887fa
  - path: openspec/changes/chg-2026-001-macos-m0a/acceptance-cases.yaml
    sha256: 0f196103ce58d32f8646fe2dde8a9f3c59ef33cec0ecdccbfd2cb8e06a37979e
