# 平台交付/conformance 状态的唯一事实源(V2:不再逐文件 hash pin;历史对比用 git)
lock: PLATFORM-PROFILES-0.3.0
status: current
updated_at: 2026-07-21
current_delivery_platforms: [macos]
not_started_platforms: [windows, linux]

profiles:
  - id: PLATFORM-MACOS
    platform: macos
    version: 0.2.0
    profile_path: openspec/platforms/macos/profile.md
    verification_path: openspec/platforms/macos/verification.md
    case_manifest_path: openspec/platforms/macos/conformance-cases.yaml
    conformance_status: notStarted
    last_verified: null
  - id: PLATFORM-WINDOWS
    platform: windows
    version: 0.1.0
    profile_path: openspec/platforms/windows/profile.md
    conformance_status: notStarted
    last_verified: null
  - id: PLATFORM-LINUX
    platform: linux
    version: 0.1.0
    profile_path: openspec/platforms/linux/profile.md
    conformance_status: notStarted
    last_verified: null

change_rule: >-
  Platform delivery and conformance status change via maintainer-approved PR.
  A platform may not claim "supported" while notStarted or needsReverification;
  verified is scoped to the exact OS/arch/build tuples actually evidenced.
  Windows/Linux keep only a future-facing profile until the W0/L0 spikes start;
  their conformance cases and verification plans will be authored in those changes.
