# Integration adapter 输入的版本登记(V2:普通 profile 不逐文件 hash pin;历史对比用 git;
# golden fixture 与 production probe resource 例外:逐文件 SHA-256 pin)
lock: INTEGRATION-PROFILES-0.5.0
status: current
updated_at: 2026-07-22

profiles:
  - id: OPENHARMONY-TOOLS
    version: 0.4.0
    path: openspec/integrations/openharmony/profile.md

catalogs:
  - id: arkui-ui-dump
    version: 1.0.0
    path: openspec/contracts/catalogs/dump-recipes.yaml
  - id: trace-presets
    version: 1.0.0
    path: openspec/contracts/catalogs/trace-presets.yaml
  - id: attachment-debug-profile
    version: 1.0.0
    path: openspec/contracts/catalogs/debug-parameters.yaml

fixtures:
  - id: hdc-golden-failure-unauthorized
    version: 1.0.0
    path: Packages/ArkDeckKit/Tests/ArkDeckContractTests/Fixtures/HDC/Golden/1.0.0/failure-unauthorized/stdout.bin
    sha256: 5e73a89bfec57338a129ec0d22bbf805c9b633849db0571d70c6f2f24b5340d8
  - id: hdc-golden-failure-offline
    version: 1.0.0
    path: Packages/ArkDeckKit/Tests/ArkDeckContractTests/Fixtures/HDC/Golden/1.0.0/failure-offline/stdout.bin
    sha256: d06b9e806721c00ebe771cc4b29e89145937d7162211b66e44ca7d0e5bffa38f
  - id: hdc-golden-success-uninstall
    version: 1.0.0
    path: Packages/ArkDeckKit/Tests/ArkDeckContractTests/Fixtures/HDC/Golden/1.0.0/success-uninstall/stdout.bin
    sha256: c690501211bc9c7a6a3b37704dd2cd58bdcf03e49771ffee10adf205a589d353
  - id: hdc-golden-healthy-checkserver
    version: 1.0.0
    path: Packages/ArkDeckKit/Tests/ArkDeckContractTests/Fixtures/HDC/Golden/1.0.0/healthy-checkserver/stdout.bin
    sha256: 50e8dfe03cb770dfade5b91198523b964fd3bd6fd8855b541ceb46201f0d014a
  - id: hdc-golden-version
    version: 1.0.0
    path: Packages/ArkDeckKit/Tests/ArkDeckContractTests/Fixtures/HDC/Golden/1.0.0/version/stdout.bin
    sha256: 906d35a917937ecbb33d8dc3bbb6b3e1783bd2996a6201ab7227fb406d474ed9

probe_registries:
  - id: OPENHARMONY-HDC-READONLY-PROBES
    version: 1.0.0
    profile: OPENHARMONY-TOOLS@0.3.0
    path: openspec/integrations/openharmony/readonly-probes.yaml
    sha256: b0ac1564109b8138c7a73cbb83684400967633f6e6b04701175a22d314d88da6

probe_resources:
  - id: i15-probe-resources-manifest
    version: 1.0.0
    path: Packages/ArkDeckKit/Tests/ArkDeckContractTests/Fixtures/HDC/Probes/1.0.0/resources.json
    sha256: e91e38dfa9a01132062865837844cf77494644488fba9527ce52c5a68c593bf6
  - id: i15-probe-registry-snapshot
    version: 1.0.0
    path: Packages/ArkDeckKit/Tests/ArkDeckContractTests/Fixtures/HDC/Probes/1.0.0/registry.yaml
    sha256: b0ac1564109b8138c7a73cbb83684400967633f6e6b04701175a22d314d88da6
  - id: i15-receipt-server-identity-generation
    version: 1.0.0
    path: Packages/ArkDeckKit/Tests/ArkDeckContractTests/Fixtures/HDC/Probes/1.0.0/receipts/server-identity-generation.json
    sha256: b8f60c014eefc64f9c17f6ebf3e762691157601eeeb51e0b3aba5c20652dec72
  - id: i15-receipt-selected-device-authorization-binding
    version: 1.0.0
    path: Packages/ArkDeckKit/Tests/ArkDeckContractTests/Fixtures/HDC/Probes/1.0.0/receipts/selected-device-authorization-binding.json
    sha256: 277cfa5ae36a1e7140c80d9da11debcabc28a93f5bebcaaf0cae87d903ab29ea
  - id: i15-receipt-key-access-diagnostics
    version: 1.0.0
    path: Packages/ArkDeckKit/Tests/ArkDeckContractTests/Fixtures/HDC/Probes/1.0.0/receipts/key-access-diagnostics.json
    sha256: abe6ea2aac83aed97cb98695c5db6334fe0e5e5955ebf9da4678544580b9a858
  - id: i15-receipt-subserver-capability
    version: 1.0.0
    path: Packages/ArkDeckKit/Tests/ArkDeckContractTests/Fixtures/HDC/Probes/1.0.0/receipts/subserver-capability.json
    sha256: 0fee0d35053866afbe6db8eaad9199408148d91d381b41eda0b525220d68663e
  - id: i15-fail-closed-control-vectors
    version: 1.0.0
    path: Packages/ArkDeckKit/Tests/ArkDeckContractTests/Fixtures/HDC/Probes/1.0.0/controls/fail-closed-vectors.json
    sha256: 68c4aa48eb293d22d3531091fcd5dfce89ec73700674bfb6532584a94672726f
  - id: i15-probe-resource-attributes
    version: 1.0.0
    path: Packages/ArkDeckKit/Tests/ArkDeckContractTests/Fixtures/HDC/Probes/1.0.0/.gitattributes
    sha256: 341812c59f415702c2351d9357b43a43a67be8bc4f7a1389f512470583722421

trace_probe_registries:
  - id: OPENHARMONY-TRACE-PROBES
    version: 1.0.0
    profile: OPENHARMONY-TOOLS@0.4.0
    path: openspec/integrations/openharmony/trace-probes/1.0.0/registry.yaml
    sha256: 0c093f98b57706b3723a68ae7552bef0db0731a675fb6cc023f69bbe21d6e566

trace_probe_resources:
  - id: tr001-resources-manifest
    version: 1.0.0
    path: openspec/integrations/openharmony/trace-probes/1.0.0/resources.json
    sha256: 6b77b020b50921ef419720a434a186aba48c13e7284fa66598d4efd0c4f14879
  - id: tr001-hitrace-help-dayu200-oh7
    version: 1.0.0
    path: openspec/integrations/openharmony/trace-probes/1.0.0/fixtures/hitrace-help.stdout.bin
    sha256: 9ab0718d7da1d5beb459c74548f89cc69775a931be7931686637d6e584d70e39
  - id: tr001-hitrace-tags-dayu200-oh7
    version: 1.0.0
    path: openspec/integrations/openharmony/trace-probes/1.0.0/fixtures/hitrace-tags.stdout.bin
    sha256: ade3fdc4dd8231dc57e2a8e4ec9d38151a376d245b822f75687c207ead467e96
  - id: tr001-bytrace-help-dayu200-oh7
    version: 1.0.0
    path: openspec/integrations/openharmony/trace-probes/1.0.0/fixtures/bytrace-help.stdout.bin
    sha256: 690ca26bbe14d6edd8ad163cce18c1f1a494e4984e8d86f1866f32b7f8bb94fd
  - id: tr001-bytrace-tags-dayu200-oh7
    version: 1.0.0
    path: openspec/integrations/openharmony/trace-probes/1.0.0/fixtures/bytrace-tags.stdout.bin
    sha256: c37e017549ff634b5ffd03339fc7cbe50fd627a1140e84496eb6b68a56694810
  - id: tr001-hitrace-capture-success-dayu200-oh7
    version: 1.0.0
    path: openspec/integrations/openharmony/trace-probes/1.0.0/fixtures/hitrace-capture.stdout.bin
    sha256: 6070bb0b3d804313449a43e92e570b5e34415cb731ec43ded91b4a3796d99723
  - id: tr001-raw-ftrace-header-dayu200-oh7
    version: 1.0.0
    path: openspec/integrations/openharmony/trace-probes/1.0.0/fixtures/raw-ftrace-header.bin
    sha256: 4b6433a1845d533dd466aeb3db965e273f4d4db582c94fe67cf1cb6e1a625ae0
  - id: tr001-resource-attributes
    version: 1.0.0
    path: openspec/integrations/openharmony/trace-probes/1.0.0/.gitattributes
    sha256: 98e891fbdca73bd8cfaaf860c0e5d5183385c256787cc03088990b1ae8c1f429

adoption_boundary:
  previous_lock: INTEGRATION-PROFILES-0.4.0
  previous_openharmony_profile: OPENHARMONY-TOOLS@0.3.0
  rule: >-
    Existing consumers retain their pinned authority. The trace registry is available only to
    a consumer that explicitly adopts OPENHARMONY-TOOLS@0.4.0 and the complete
    OPENHARMONY-TRACE-PROBES@1.0.0 registry/resource hash closure through an independently
    approved task. The HDC read-only registry remains pinned to its 0.3.0 provenance tuple.

change_rule: >-
  Parser families, adapter mappings, catalogs and golden fixtures evolve through
  an approved integration change and a version bump here. They must not change
  Core Requirement/AC semantics.
