# Integration adapter 输入的版本登记(V2:不再逐文件 hash pin;历史对比用 git)
lock: INTEGRATION-PROFILES-0.2.0
status: current
updated_at: 2026-07-14

profiles:
  - id: OPENHARMONY-TOOLS
    version: 0.1.0
    path: openspec/integrations/openharmony/profile.md

catalogs:
  - id: arkui-ui-dump
    version: 1.0.0
    path: openspec/contracts/catalogs/dump-recipes.yaml
  - id: trace-presets
    version: 1.0.0
    path: openspec/contracts/catalogs/trace-presets.yaml
  - id: attachment-debug-profile
    version: 1.0.0
    path: openspec/contracts/catalogs/debug-parameters.yaml

fixtures: []

change_rule: >-
  Parser families, adapter mappings, catalogs and golden fixtures evolve through
  an approved integration change and a version bump here. They must not change
  Core Requirement/AC semantics.
