change_id: CHG-YYYY-NNN
revision: 1
status: review
approval_id: null
hash_algorithm: sha256
files:
  - path: openspec/changes/chg-yyyy-nnn/proposal.md
    sha256: pending
  - path: openspec/changes/chg-yyyy-nnn/scope.yaml
    sha256: pending
  - path: openspec/changes/chg-yyyy-nnn/spec-impact.md
    sha256: pending
  - path: openspec/changes/chg-yyyy-nnn/design.md
    sha256: pending
  - path: openspec/changes/chg-yyyy-nnn/verification.md
    sha256: pending
  - path: openspec/changes/chg-yyyy-nnn/acceptance-cases.yaml
    sha256: pending
  - path: openspec/changes/chg-yyyy-nnn/review.md
    sha256: pending
  - path: openspec/changes/chg-yyyy-nnn/ready-review.md
    sha256: pending

# Must be the exact schema-selected normative input set. Exclude tasks.md,
# independently approved Task packets, evidence and this lock.
