{
  "originHash" : "e94736daeb189f44ba368a166f0039247af242ca9d621806bc8b1f59d0103922",
  "pins" : [
    {
      "identity" : "arkforge",
      "kind" : "remoteSourceControl",
      "location" : "https://github.com/ArkDeck/ArkForge.git",
      "state" : {
        "revision" : "3f5b48cd7247f7e4304bb4f9d8a158f4feda5a92"
      }
    }
  ],
  "version" : 3
}
