{
  "originHash" : "c4158256a74cc205b470e298d9ce8cfbf89b9513725c8368606fd8dfa74dcf9b",
  "pins" : [
    {
      "identity" : "arkforge",
      "kind" : "remoteSourceControl",
      "location" : "https://github.com/ArkDeck/ArkForge.git",
      "state" : {
        "revision" : "3f5b48cd7247f7e4304bb4f9d8a158f4feda5a92"
      }
    },
    {
      "identity" : "arktrace",
      "kind" : "remoteSourceControl",
      "location" : "https://github.com/ArkDeck/ArkTrace.git",
      "state" : {
        "revision" : "91a21d1d419c5fec8c56c8b7b742002325045861"
      }
    }
  ],
  "version" : 3
}
